
Microsoft Visual Studio Solution File, Format Version 12.00
# Visual Studio 15
VisualStudioVersion = 15.0.27428.2015
MinimumVisualStudioVersion = 10.0.40219.1
Project("{FAE04EC0-301F-11D3-BF4B-00C04F79EFBC}") = "BackToTheDrawingBoard", "BackToTheDrawingBoard\BackToTheDrawingBoard.csproj", "{F571DE0D-C867-4077-BB04-21272683212B}"
EndProject
Global
	GlobalSection(SolutionConfigurationPlatforms) = preSolution
		Debug|Any CPU = Debug|Any CPU
		Release|Any CPU = Release|Any CPU
	EndGlobalSection
	GlobalSection(ProjectConfigurationPlatforms) = postSolution
		{F571DE0D-C867-4077-BB04-21272683212B}.Debug|Any CPU.ActiveCfg = Debug|Any CPU
		{F571DE0D-C867-4077-BB04-21272683212B}.Debug|Any CPU.Build.0 = Debug|Any CPU
		{F571DE0D-C867-4077-BB04-21272683212B}.Release|Any CPU.ActiveCfg = Release|Any CPU
		{F571DE0D-C867-4077-BB04-21272683212B}.Release|Any CPU.Build.0 = Release|Any CPU
	EndGlobalSection
	GlobalSection(SolutionProperties) = preSolution
		HideSolutionNode = FALSE
	EndGlobalSection
	GlobalSection(ExtensibilityGlobals) = postSolution
		SolutionGuid = {08CCD31A-A172-4420-BBC5-932DBED1BB2B}
	EndGlobalSection
EndGlobal
